
Microsoft Visual Studio Solution File, Format Version 12.00
# Visual Studio Version 16
VisualStudioVersion = 16.0.29519.181
MinimumVisualStudioVersion = 10.0.40219.1
Project("{9A19103F-16F7-4668-BE54-9A1E7A4F7556}") = "BoardGame", "BoardGame\BoardGame.csproj", "{C56C5B00-64BB-498D-B63A-658C4F3275FB}"
EndProject
Project("{9A19103F-16F7-4668-BE54-9A1E7A4F7556}") = "Model", "Model\Model.csproj", "{3EC26C4F-408C-42EC-9835-0822EED1AF74}"
EndProject
Project("{FAE04EC0-301F-11D3-BF4B-00C04F79EFBC}") = "XUnitTest", "XUnitTest\XUnitTest.csproj", "{F08D3E92-EFB6-4EB0-9B6D-05C948B91FB3}"
EndProject
Global
	GlobalSection(SolutionConfigurationPlatforms) = preSolution
		Debug|Any CPU = Debug|Any CPU
		Release|Any CPU = Release|Any CPU
	EndGlobalSection
	GlobalSection(ProjectConfigurationPlatforms) = postSolution
		{C56C5B00-64BB-498D-B63A-658C4F3275FB}.Debug|Any CPU.ActiveCfg = Debug|Any CPU
		{C56C5B00-64BB-498D-B63A-658C4F3275FB}.Debug|Any CPU.Build.0 = Debug|Any CPU
		{C56C5B00-64BB-498D-B63A-658C4F3275FB}.Release|Any CPU.ActiveCfg = Release|Any CPU
		{C56C5B00-64BB-498D-B63A-658C4F3275FB}.Release|Any CPU.Build.0 = Release|Any CPU
		{3EC26C4F-408C-42EC-9835-0822EED1AF74}.Debug|Any CPU.ActiveCfg = Debug|Any CPU
		{3EC26C4F-408C-42EC-9835-0822EED1AF74}.Debug|Any CPU.Build.0 = Debug|Any CPU
		{3EC26C4F-408C-42EC-9835-0822EED1AF74}.Release|Any CPU.ActiveCfg = Release|Any CPU
		{3EC26C4F-408C-42EC-9835-0822EED1AF74}.Release|Any CPU.Build.0 = Release|Any CPU
		{F08D3E92-EFB6-4EB0-9B6D-05C948B91FB3}.Debug|Any CPU.ActiveCfg = Debug|Any CPU
		{F08D3E92-EFB6-4EB0-9B6D-05C948B91FB3}.Debug|Any CPU.Build.0 = Debug|Any CPU
		{F08D3E92-EFB6-4EB0-9B6D-05C948B91FB3}.Release|Any CPU.ActiveCfg = Release|Any CPU
		{F08D3E92-EFB6-4EB0-9B6D-05C948B91FB3}.Release|Any CPU.Build.0 = Release|Any CPU
	EndGlobalSection
	GlobalSection(SolutionProperties) = preSolution
		HideSolutionNode = FALSE
	EndGlobalSection
	GlobalSection(ExtensibilityGlobals) = postSolution
		SolutionGuid = {CAF5711E-84B7-4166-A3B6-42EB449CD1A4}
	EndGlobalSection
EndGlobal
